
Microsoft Visual Studio Solution File, Format Version 11.00
# Visual Studio 2010
Project("{FAE04EC0-301F-11D3-BF4B-00C04F79EFBC}") = "ChartsSample", "ChartsSample\ChartsSample.csproj", "{8342A839-AF23-4587-9C8E-87984BDD931D}"
EndProject
Project("{FAE04EC0-301F-11D3-BF4B-00C04F79EFBC}") = "ChartsSample.Web", "ChartsSample.Web\ChartsSample.Web.csproj", "{F9FDDBD7-6804-4886-B177-0A6015EF1D67}"
EndProject
Global
	GlobalSection(SolutionConfigurationPlatforms) = preSolution
		Debug|Any CPU = Debug|Any CPU
		Release|Any CPU = Release|Any CPU
	EndGlobalSection
	GlobalSection(ProjectConfigurationPlatforms) = postSolution
		{8342A839-AF23-4587-9C8E-87984BDD931D}.Debug|Any CPU.ActiveCfg = Debug|Any CPU
		{8342A839-AF23-4587-9C8E-87984BDD931D}.Debug|Any CPU.Build.0 = Debug|Any CPU
		{8342A839-AF23-4587-9C8E-87984BDD931D}.Release|Any CPU.ActiveCfg = Release|Any CPU
		{8342A839-AF23-4587-9C8E-87984BDD931D}.Release|Any CPU.Build.0 = Release|Any CPU
		{F9FDDBD7-6804-4886-B177-0A6015EF1D67}.Debug|Any CPU.ActiveCfg = Debug|Any CPU
		{F9FDDBD7-6804-4886-B177-0A6015EF1D67}.Debug|Any CPU.Build.0 = Debug|Any CPU
		{F9FDDBD7-6804-4886-B177-0A6015EF1D67}.Release|Any CPU.ActiveCfg = Release|Any CPU
		{F9FDDBD7-6804-4886-B177-0A6015EF1D67}.Release|Any CPU.Build.0 = Release|Any CPU
	EndGlobalSection
	GlobalSection(SolutionProperties) = preSolution
		HideSolutionNode = FALSE
	EndGlobalSection
EndGlobal
