// !$*UTF8*$!
{
	archiveVersion = 1;
	classes = {
	};
	objectVersion = 46;
	objects = {

/* Begin PBXBuildFile section */
		004F06CD148D421F003F35D3 /* AddAccountViewController.xib in Resources */ = {isa = PBXBuildFile; fileRef = 004F06CC148D421F003F35D3 /* AddAccountViewController.xib */; };
		009C1A3C148D3FF500259534 /* AddAccountViewController.m in Sources */ = {isa = PBXBuildFile; fileRef = 009C1A3B148D3FF400259534 /* AddAccountViewController.m */; };
		00D3C409147C27120067A768 /* UIKit.framework in Frameworks */ = {isa = PBXBuildFile; fileRef = 00D3C408147C27120067A768 /* UIKit.framework */; };
		00D3C40B147C27120067A768 /* Foundation.framework in Frameworks */ = {isa = PBXBuildFile; fileRef = 00D3C40A147C27120067A768 /* Foundation.framework */; };
		00D3C40D147C27120067A768 /* CoreGraphics.framework in Frameworks */ = {isa = PBXBuildFile; fileRef = 00D3C40C147C27120067A768 /* CoreGraphics.framework */; };
		00D3C413147C27120067A768 /* InfoPlist.strings in Resources */ = {isa = PBXBuildFile; fileRef = 00D3C411147C27120067A768 /* InfoPlist.strings */; };
		00D3C415147C27120067A768 /* main.m in Sources */ = {isa = PBXBuildFile; fileRef = 00D3C414147C27120067A768 /* main.m */; };
		00D3C419147C27120067A768 /* AppDelegate.m in Sources */ = {isa = PBXBuildFile; fileRef = 00D3C418147C27120067A768 /* AppDelegate.m */; };
		00D3C422147C28440067A768 /* LoginViewController.m in Sources */ = {isa = PBXBuildFile; fileRef = 00D3C420147C28440067A768 /* LoginViewController.m */; };
		00D3C423147C28440067A768 /* LoginViewController.xib in Resources */ = {isa = PBXBuildFile; fileRef = 00D3C421147C28440067A768 /* LoginViewController.xib */; };
		00D3C428147C31E80067A768 /* img_bg_login.png in Resources */ = {isa = PBXBuildFile; fileRef = 00D3C427147C31E80067A768 /* img_bg_login.png */; };
		00D3C430147D537B0067A768 /* OpenAccountViewController.m in Sources */ = {isa = PBXBuildFile; fileRef = 00D3C42E147D537B0067A768 /* OpenAccountViewController.m */; };
		00D3C431147D537B0067A768 /* OpenAccountViewController.xib in Resources */ = {isa = PBXBuildFile; fileRef = 00D3C42F147D537B0067A768 /* OpenAccountViewController.xib */; };
		00D5191B14891BD20049F43E /* QuartzCore.framework in Frameworks */ = {isa = PBXBuildFile; fileRef = 00B38DF71488025000DC62F2 /* QuartzCore.framework */; };
		00D5191E14891DBA0049F43E /* PieChartMVAccountsViewController.m in Sources */ = {isa = PBXBuildFile; fileRef = 00D5191D14891DBA0049F43E /* PieChartMVAccountsViewController.m */; };
		00D51922148951370049F43E /* PieChartMVPositionViewController.m in Sources */ = {isa = PBXBuildFile; fileRef = 00D51921148951370049F43E /* PieChartMVPositionViewController.m */; };
		00DFF9041480893E001A4641 /* AccountsViewController.m in Sources */ = {isa = PBXBuildFile; fileRef = 00DFF9031480893E001A4641 /* AccountsViewController.m */; };
		00DFF90714808975001A4641 /* PositionsViewController.m in Sources */ = {isa = PBXBuildFile; fileRef = 00DFF90614808975001A4641 /* PositionsViewController.m */; };
		00DFF90A14808989001A4641 /* OrdersViewController.m in Sources */ = {isa = PBXBuildFile; fileRef = 00DFF90914808988001A4641 /* OrdersViewController.m */; };
		00DFF90D1480899D001A4641 /* TransactionsViewController.m in Sources */ = {isa = PBXBuildFile; fileRef = 00DFF90C1480899D001A4641 /* TransactionsViewController.m */; };
		00DFF91A1480AAC6001A4641 /* AccountsViewController.xib in Resources */ = {isa = PBXBuildFile; fileRef = 00DFF9191480AAC6001A4641 /* AccountsViewController.xib */; };
		00DFF91C1480AAF0001A4641 /* PositionsViewController.xib in Resources */ = {isa = PBXBuildFile; fileRef = 00DFF91B1480AAF0001A4641 /* PositionsViewController.xib */; };
		00DFF91E1480AB01001A4641 /* OrdersViewController.xib in Resources */ = {isa = PBXBuildFile; fileRef = 00DFF91D1480AB01001A4641 /* OrdersViewController.xib */; };
		00DFF9201480AB14001A4641 /* TransactionsViewController.xib in Resources */ = {isa = PBXBuildFile; fileRef = 00DFF91F1480AB14001A4641 /* TransactionsViewController.xib */; };
		00DFF9231480AD68001A4641 /* BFToolbar.m in Sources */ = {isa = PBXBuildFile; fileRef = 00DFF9221480AD68001A4641 /* BFToolbar.m */; };
		00DFF9251480AD91001A4641 /* BFToolbar.xib in Resources */ = {isa = PBXBuildFile; fileRef = 00DFF9241480AD91001A4641 /* BFToolbar.xib */; };
		00DFF93C1483DE23001A4641 /* btn_openanaccount.png in Resources */ = {isa = PBXBuildFile; fileRef = 00DFF93B1483DE23001A4641 /* btn_openanaccount.png */; };
		00DFF93E1483ED7F001A4641 /* btn_openaccount.png in Resources */ = {isa = PBXBuildFile; fileRef = 00DFF93D1483ED7F001A4641 /* btn_openaccount.png */; };
		00DFF9401483EE5A001A4641 /* btn_cancel500.png in Resources */ = {isa = PBXBuildFile; fileRef = 00DFF93F1483EE5A001A4641 /* btn_cancel500.png */; };
		00DFF9421483EFD1001A4641 /* img_bg_yellow.png in Resources */ = {isa = PBXBuildFile; fileRef = 00DFF9411483EFD1001A4641 /* img_bg_yellow.png */; };
		00DFF95F14841319001A4641 /* BFMoney.m in Sources */ = {isa = PBXBuildFile; fileRef = 00DFF95E14841318001A4641 /* BFMoney.m */; };
		00DFF96214841782001A4641 /* BFPosition.m in Sources */ = {isa = PBXBuildFile; fileRef = 00DFF96114841781001A4641 /* BFPosition.m */; };
		00DFF96614841B00001A4641 /* BFBrokerageAccount.m in Sources */ = {isa = PBXBuildFile; fileRef = 00DFF96514841B00001A4641 /* BFBrokerageAccount.m */; };
		00DFF96D14855012001A4641 /* BFBrokerageAccountStore.m in Sources */ = {isa = PBXBuildFile; fileRef = 00DFF96C14855011001A4641 /* BFBrokerageAccountStore.m */; };
		1011437C14CF77EF006E5909 /* libCorePlot-CocoaTouch.a in Frameworks */ = {isa = PBXBuildFile; fileRef = 1011437814CF749D006E5909 /* libCorePlot-CocoaTouch.a */; };
		545C5E7614E55DA6003560C8 /* BFUser.m in Sources */ = {isa = PBXBuildFile; fileRef = 545C5E7514E55DA6003560C8 /* BFUser.m */; };
		545C5E7C14E574D5003560C8 /* Default-Portrait~ipad.png in Resources */ = {isa = PBXBuildFile; fileRef = 545C5E7B14E574D5003560C8 /* Default-Portrait~ipad.png */; };
		545C5E7E14E574FF003560C8 /* Default-Landscape~ipad.png in Resources */ = {isa = PBXBuildFile; fileRef = 545C5E7D14E574FF003560C8 /* Default-Landscape~ipad.png */; };
		54B78A4014E5C91F002FF1AC /* PositionTableViewCell.xib in Resources */ = {isa = PBXBuildFile; fileRef = 54B78A3F14E5C91F002FF1AC /* PositionTableViewCell.xib */; };
		54B78A5E14E976DC002FF1AC /* tradePositionBTN.m in Sources */ = {isa = PBXBuildFile; fileRef = 54B78A5D14E976DB002FF1AC /* tradePositionBTN.m */; };
		54B78A6114E9785F002FF1AC /* expandPositionBTN.m in Sources */ = {isa = PBXBuildFile; fileRef = 54B78A6014E9785E002FF1AC /* expandPositionBTN.m */; };
		54B78A6314E98956002FF1AC /* PositionLandscapeTableViewCell.xib in Resources */ = {isa = PBXBuildFile; fileRef = 54B78A6214E98954002FF1AC /* PositionLandscapeTableViewCell.xib */; };
		54B78A6B14EAA155002FF1AC /* TradeViewController.m in Sources */ = {isa = PBXBuildFile; fileRef = 54B78A6914EAA14E002FF1AC /* TradeViewController.m */; };
		54B78A6C14EAA155002FF1AC /* TradeViewController.xib in Resources */ = {isa = PBXBuildFile; fileRef = 54B78A6A14EAA150002FF1AC /* TradeViewController.xib */; };
		54B78A7014EAA17A002FF1AC /* TransferViewController.m in Sources */ = {isa = PBXBuildFile; fileRef = 54B78A6E14EAA177002FF1AC /* TransferViewController.m */; };
		54B78A7114EAA17A002FF1AC /* TransferViewController.xib in Resources */ = {isa = PBXBuildFile; fileRef = 54B78A6F14EAA178002FF1AC /* TransferViewController.xib */; };
		54B78A9C14EB00AB002FF1AC /* FilterViewController.m in Sources */ = {isa = PBXBuildFile; fileRef = 54B78A9A14EB00A7002FF1AC /* FilterViewController.m */; };
		54B78A9D14EB00AB002FF1AC /* FilterViewController.xib in Resources */ = {isa = PBXBuildFile; fileRef = 54B78A9B14EB00A9002FF1AC /* FilterViewController.xib */; };
		54B78AED14EC4656002FF1AC /* UserViewController.m in Sources */ = {isa = PBXBuildFile; fileRef = 54B78AEB14EC4654002FF1AC /* UserViewController.m */; };
		54B78AEE14EC4656002FF1AC /* UserViewController.xib in Resources */ = {isa = PBXBuildFile; fileRef = 54B78AEC14EC4655002FF1AC /* UserViewController.xib */; };
		9575360C14E41FDA002A3E52 /* login-screen-form-fields.png in Resources */ = {isa = PBXBuildFile; fileRef = 9575360B14E41FDA002A3E52 /* login-screen-form-fields.png */; };
		9586FA7314EB684300A0B28C /* AccountLandscapeTableViewCell.xib in Resources */ = {isa = PBXBuildFile; fileRef = 9586FA7114EB684300A0B28C /* AccountLandscapeTableViewCell.xib */; };
		9586FA7414EB684300A0B28C /* AccountTableViewCell.xib in Resources */ = {isa = PBXBuildFile; fileRef = 9586FA7214EB684300A0B28C /* AccountTableViewCell.xib */; };
		9586FA9214EB6A2900A0B28C /* AccountsToPosition_RowArrow.png in Resources */ = {isa = PBXBuildFile; fileRef = 9586FA7514EB6A2100A0B28C /* AccountsToPosition_RowArrow.png */; };
		9586FA9314EB6A2900A0B28C /* AddAccountButton_PushDownState.png in Resources */ = {isa = PBXBuildFile; fileRef = 9586FA7614EB6A2100A0B28C /* AddAccountButton_PushDownState.png */; };
		9586FA9414EB6A2900A0B28C /* AddAccountButton.png in Resources */ = {isa = PBXBuildFile; fileRef = 9586FA7714EB6A2200A0B28C /* AddAccountButton.png */; };
		9586FA9514EB6A2900A0B28C /* BackButton_PushDownState.png in Resources */ = {isa = PBXBuildFile; fileRef = 9586FA7814EB6A2200A0B28C /* BackButton_PushDownState.png */; };
		9586FA9614EB6A2900A0B28C /* BackButton.png in Resources */ = {isa = PBXBuildFile; fileRef = 9586FA7914EB6A2300A0B28C /* BackButton.png */; };
		9586FA9714EB6A2900A0B28C /* bullsfirst-HeaderBarLogo.png in Resources */ = {isa = PBXBuildFile; fileRef = 9586FA7A14EB6A2300A0B28C /* bullsfirst-HeaderBarLogo.png */; };
		9586FA9814EB6A2900A0B28C /* EditButton-PushDown.png in Resources */ = {isa = PBXBuildFile; fileRef = 9586FA7B14EB6A2300A0B28C /* EditButton-PushDown.png */; };
		9586FA9914EB6A2900A0B28C /* EditButton.png in Resources */ = {isa = PBXBuildFile; fileRef = 9586FA7C14EB6A2300A0B28C /* EditButton.png */; };
		9586FA9A14EB6A2900A0B28C /* FiltersClosed_PushDownState.png in Resources */ = {isa = PBXBuildFile; fileRef = 9586FA7D14EB6A2400A0B28C /* FiltersClosed_PushDownState.png */; };
		9586FA9B14EB6A2900A0B28C /* FiltersClosed.png in Resources */ = {isa = PBXBuildFile; fileRef = 9586FA7E14EB6A2400A0B28C /* FiltersClosed.png */; };
		9586FA9C14EB6A2900A0B28C /* FiltersOpen_PushDownState.png in Resources */ = {isa = PBXBuildFile; fileRef = 9586FA7F14EB6A2400A0B28C /* FiltersOpen_PushDownState.png */; };
		9586FA9D14EB6A2900A0B28C /* FiltersOpen.png in Resources */ = {isa = PBXBuildFile; fileRef = 9586FA8014EB6A2500A0B28C /* FiltersOpen.png */; };
		9586FA9E14EB6A2900A0B28C /* HeaderBar_BackgroundGradient.jpg in Resources */ = {isa = PBXBuildFile; fileRef = 9586FA8114EB6A2500A0B28C /* HeaderBar_BackgroundGradient.jpg */; };
		9586FA9F14EB6A2900A0B28C /* RefreshButton_PushDownState.png in Resources */ = {isa = PBXBuildFile; fileRef = 9586FA8214EB6A2500A0B28C /* RefreshButton_PushDownState.png */; };
		9586FAA014EB6A2900A0B28C /* RefreshButton.png in Resources */ = {isa = PBXBuildFile; fileRef = 9586FA8314EB6A2500A0B28C /* RefreshButton.png */; };
		9586FAA114EB6A2900A0B28C /* SettingsButton_PushDownState.png in Resources */ = {isa = PBXBuildFile; fileRef = 9586FA8414EB6A2600A0B28C /* SettingsButton_PushDownState.png */; };
		9586FAA214EB6A2900A0B28C /* SettingsButton.png in Resources */ = {isa = PBXBuildFile; fileRef = 9586FA8514EB6A2600A0B28C /* SettingsButton.png */; };
		9586FAA314EB6A2900A0B28C /* SwitchAccountsButton_PushDownState.png in Resources */ = {isa = PBXBuildFile; fileRef = 9586FA8614EB6A2600A0B28C /* SwitchAccountsButton_PushDownState.png */; };
		9586FAA414EB6A2900A0B28C /* SwitchAccountsButton.png in Resources */ = {isa = PBXBuildFile; fileRef = 9586FA8714EB6A2600A0B28C /* SwitchAccountsButton.png */; };
		9586FAA514EB6A2900A0B28C /* TabBar_Accounts.png in Resources */ = {isa = PBXBuildFile; fileRef = 9586FA8814EB6A2700A0B28C /* TabBar_Accounts.png */; };
		9586FAA614EB6A2900A0B28C /* TabBar_Gradient.jpg in Resources */ = {isa = PBXBuildFile; fileRef = 9586FA8914EB6A2700A0B28C /* TabBar_Gradient.jpg */; };
		9586FAA714EB6A2900A0B28C /* TabBar_Orders.png in Resources */ = {isa = PBXBuildFile; fileRef = 9586FA8A14EB6A2700A0B28C /* TabBar_Orders.png */; };
		9586FAA814EB6A2900A0B28C /* TabBar_Positions.png in Resources */ = {isa = PBXBuildFile; fileRef = 9586FA8B14EB6A2700A0B28C /* TabBar_Positions.png */; };
		9586FAA914EB6A2900A0B28C /* TabBar_Transactions.png in Resources */ = {isa = PBXBuildFile; fileRef = 9586FA8C14EB6A2800A0B28C /* TabBar_Transactions.png */; };
		9586FAAA14EB6A2900A0B28C /* TitleBar_BackgroundGradient.jpg in Resources */ = {isa = PBXBuildFile; fileRef = 9586FA8D14EB6A2800A0B28C /* TitleBar_BackgroundGradient.jpg */; };
		9586FAAB14EB6A2900A0B28C /* TradeButton_PushDownState.png in Resources */ = {isa = PBXBuildFile; fileRef = 9586FA8E14EB6A2800A0B28C /* TradeButton_PushDownState.png */; };
		9586FAAC14EB6A2900A0B28C /* TradeButton.png in Resources */ = {isa = PBXBuildFile; fileRef = 9586FA8F14EB6A2800A0B28C /* TradeButton.png */; };
		9586FAAD14EB6A2900A0B28C /* TransferButton_PushDownState.png in Resources */ = {isa = PBXBuildFile; fileRef = 9586FA9014EB6A2900A0B28C /* TransferButton_PushDownState.png */; };
		9586FAAE14EB6A2900A0B28C /* TransferButton.png in Resources */ = {isa = PBXBuildFile; fileRef = 9586FA9114EB6A2900A0B28C /* TransferButton.png */; };
		9586FAB114EB804600A0B28C /* editAccountNameBTN.m in Sources */ = {isa = PBXBuildFile; fileRef = 9586FAB014EB804600A0B28C /* editAccountNameBTN.m */; };
		9586FAB414EB8F8500A0B28C /* showPositionsBTN.m in Sources */ = {isa = PBXBuildFile; fileRef = 9586FAB314EB8F8400A0B28C /* showPositionsBTN.m */; };
		95BA216F14E506B000F813E2 /* login-screen-background-landscape.png in Resources */ = {isa = PBXBuildFile; fileRef = 95BA216D14E506B000F813E2 /* login-screen-background-landscape.png */; };
		95BA217014E506B100F813E2 /* login-screen-background-portrait.png in Resources */ = {isa = PBXBuildFile; fileRef = 95BA216E14E506B000F813E2 /* login-screen-background-portrait.png */; };
		95C6A84D14DBB769004F023A /* bullsfirst-logo-transparent.png in Resources */ = {isa = PBXBuildFile; fileRef = 95C6A84514DBB769004F023A /* bullsfirst-logo-transparent.png */; };
		95C6A84E14DBB769004F023A /* login-button-clicked.png in Resources */ = {isa = PBXBuildFile; fileRef = 95C6A84614DBB769004F023A /* login-button-clicked.png */; };
		95C6A84F14DBB769004F023A /* login-button.png in Resources */ = {isa = PBXBuildFile; fileRef = 95C6A84714DBB769004F023A /* login-button.png */; };
		95C6A85314DBB769004F023A /* open-account-button-clicked.png in Resources */ = {isa = PBXBuildFile; fileRef = 95C6A84B14DBB769004F023A /* open-account-button-clicked.png */; };
		95C6A85414DBB769004F023A /* open-account-button.png in Resources */ = {isa = PBXBuildFile; fileRef = 95C6A84C14DBB769004F023A /* open-account-button.png */; };
		95C6A85C14DBED54004F023A /* RootViewController.m in Sources */ = {isa = PBXBuildFile; fileRef = 95C6A85A14DBED54004F023A /* RootViewController.m */; };
		95C6A85D14DBED54004F023A /* RootViewController.xib in Resources */ = {isa = PBXBuildFile; fileRef = 95C6A85B14DBED54004F023A /* RootViewController.xib */; };
		95C6A85F14DFE869004F023A /* app-icon-72x72.png in Resources */ = {isa = PBXBuildFile; fileRef = 95C6A85E14DFE868004F023A /* app-icon-72x72.png */; };
		AC26C82814DBF67400ABD693 /* AuthenticationChallengeHandler.m in Sources */ = {isa = PBXBuildFile; fileRef = AC26C81B14DBF67400ABD693 /* AuthenticationChallengeHandler.m */; };
		AC26C82914DBF67400ABD693 /* ChallengeHandler.m in Sources */ = {isa = PBXBuildFile; fileRef = AC26C81D14DBF67400ABD693 /* ChallengeHandler.m */; };
		AC26C82A14DBF67400ABD693 /* ClientIdentityChallengeHandler.m in Sources */ = {isa = PBXBuildFile; fileRef = AC26C81F14DBF67400ABD693 /* ClientIdentityChallengeHandler.m */; };
		AC26C82B14DBF67400ABD693 /* Credentials.m in Sources */ = {isa = PBXBuildFile; fileRef = AC26C82114DBF67400ABD693 /* Credentials.m */; settings = {COMPILER_FLAGS = "-Wno-arc-performSelector-leaks"; }; };
		AC26C82D14DBF67400ABD693 /* ServerTrustChallengeHandler.m in Sources */ = {isa = PBXBuildFile; fileRef = AC26C82514DBF67400ABD693 /* ServerTrustChallengeHandler.m */; };
		AC26C84014DF9C2000ABD693 /* WebServiceObject.m in Sources */ = {isa = PBXBuildFile; fileRef = AC26C83F14DF9C2000ABD693 /* WebServiceObject.m */; settings = {COMPILER_FLAGS = "-Wno-arc-performSelector-leaks"; }; };
		AC26C84414DFA0B900ABD693 /* BullFirstWebServiceObject.m in Sources */ = {isa = PBXBuildFile; fileRef = AC26C84314DFA0B900ABD693 /* BullFirstWebServiceObject.m */; };
		AC26C84814DFA10300ABD693 /* NSData+Base64.m in Sources */ = {isa = PBXBuildFile; fileRef = AC26C84714DFA10300ABD693 /* NSData+Base64.m */; };
		AC26C84A14DFA84D00ABD693 /* Security.framework in Frameworks */ = {isa = PBXBuildFile; fileRef = AC26C84914DFA84D00ABD693 /* Security.framework */; };
		AC66817314ECD43C00BB02FF /* CMPopTipView.m in Sources */ = {isa = PBXBuildFile; fileRef = AC66817014ECD43C00BB02FF /* CMPopTipView.m */; };
		AC66817414ECD43C00BB02FF /* DataValidator.m in Sources */ = {isa = PBXBuildFile; fileRef = AC66817214ECD43C00BB02FF /* DataValidator.m */; };
		AC9B72CF14DA755200B843AC /* EditAccountNameViewController.m in Sources */ = {isa = PBXBuildFile; fileRef = AC9B72CD14DA755100B843AC /* EditAccountNameViewController.m */; };
		AC9B72D014DA755200B843AC /* EditAccountNameViewController.xib in Resources */ = {isa = PBXBuildFile; fileRef = AC9B72CE14DA755200B843AC /* EditAccountNameViewController.xib */; };
		AC9B72E514DAB01800B843AC /* BFPlainWhiteTheme.m in Sources */ = {isa = PBXBuildFile; fileRef = AC9B72E414DAB01800B843AC /* BFPlainWhiteTheme.m */; };
		AC9F211114E13AEE0024C3D3 /* _BFCPTXYTheme.m in Sources */ = {isa = PBXBuildFile; fileRef = AC9F210E14E13AEE0024C3D3 /* _BFCPTXYTheme.m */; };
		AC9F211214E13AEE0024C3D3 /* BFCPTTheme.m in Sources */ = {isa = PBXBuildFile; fileRef = AC9F211014E13AEE0024C3D3 /* BFCPTTheme.m */; };
/* End PBXBuildFile section */

/* Begin PBXContainerItemProxy section */
		1011437714CF749D006E5909 /* PBXContainerItemProxy */ = {
			isa = PBXContainerItemProxy;
			containerPortal = 1011436E14CF749C006E5909 /* CorePlot-CocoaTouch.xcodeproj */;
			proxyType = 2;
			remoteGlobalIDString = BC9B83470FB8A0A40035D8DA;
			remoteInfo = "CorePlot-CocoaTouch";
		};
		1011437A14CF762A006E5909 /* PBXContainerItemProxy */ = {
			isa = PBXContainerItemProxy;
			containerPortal = 1011436E14CF749C006E5909 /* CorePlot-CocoaTouch.xcodeproj */;
			proxyType = 1;
			remoteGlobalIDString = BC9B83460FB8A0A40035D8DA;
			remoteInfo = "CorePlot-CocoaTouch";
		};
/* End PBXContainerItemProxy section */

/* Begin PBXFileReference section */
		004F06CC148D421F003F35D3 /* AddAccountViewController.xib */ = {isa = PBXFileReference; fileEncoding = 4; lastKnownFileType = file.xib; path = AddAccountViewController.xib; sourceTree = "<group>"; };
		009C1A3A148D3FF400259534 /* AddAccountViewController.h */ = {isa = PBXFileReference; fileEncoding = 4; lastKnownFileType = sourcecode.c.h; path = AddAccountViewController.h; sourceTree = "<group>"; };
		009C1A3B148D3FF400259534 /* AddAccountViewController.m */ = {isa = PBXFileReference; fileEncoding = 4; lastKnownFileType = sourcecode.c.objc; path = AddAccountViewController.m; sourceTree = "<group>"; };
		00B38DF71488025000DC62F2 /* QuartzCore.framework */ = {isa = PBXFileReference; lastKnownFileType = wrapper.framework; name = QuartzCore.framework; path = System/Library/Frameworks/QuartzCore.framework; sourceTree = SDKROOT; };
		00D3C404147C27120067A768 /* Bullsfirst.app */ = {isa = PBXFileReference; explicitFileType = wrapper.application; includeInIndex = 0; path = Bullsfirst.app; sourceTree = BUILT_PRODUCTS_DIR; };
		00D3C408147C27120067A768 /* UIKit.framework */ = {isa = PBXFileReference; lastKnownFileType = wrapper.framework; name = UIKit.framework; path = System/Library/Frameworks/UIKit.framework; sourceTree = SDKROOT; };
		00D3C40A147C27120067A768 /* Foundation.framework */ = {isa = PBXFileReference; lastKnownFileType = wrapper.framework; name = Foundation.framework; path = System/Library/Frameworks/Foundation.framework; sourceTree = SDKROOT; };
		00D3C40C147C27120067A768 /* CoreGraphics.framework */ = {isa = PBXFileReference; lastKnownFileType = wrapper.framework; name = CoreGraphics.framework; path = System/Library/Frameworks/CoreGraphics.framework; sourceTree = SDKROOT; };
		00D3C410147C27120067A768 /* Bullsfirst-Info.plist */ = {isa = PBXFileReference; lastKnownFileType = text.plist.xml; path = "Bullsfirst-Info.plist"; sourceTree = "<group>"; };
		00D3C412147C27120067A768 /* en */ = {isa = PBXFileReference; lastKnownFileType = text.plist.strings; name = en; path = en.lproj/InfoPlist.strings; sourceTree = "<group>"; };
		00D3C414147C27120067A768 /* main.m */ = {isa = PBXFileReference; lastKnownFileType = sourcecode.c.objc; path = main.m; sourceTree = "<group>"; };
		00D3C416147C27120067A768 /* Bullsfirst-Prefix.pch */ = {isa = PBXFileReference; lastKnownFileType = sourcecode.c.h; path = "Bullsfirst-Prefix.pch"; sourceTree = "<group>"; };
		00D3C417147C27120067A768 /* AppDelegate.h */ = {isa = PBXFileReference; lastKnownFileType = sourcecode.c.h; path = AppDelegate.h; sourceTree = "<group>"; };
		00D3C418147C27120067A768 /* AppDelegate.m */ = {isa = PBXFileReference; lastKnownFileType = sourcecode.c.objc; path = AppDelegate.m; sourceTree = "<group>"; };
		00D3C41F147C28440067A768 /* LoginViewController.h */ = {isa = PBXFileReference; fileEncoding = 4; lastKnownFileType = sourcecode.c.h; path = LoginViewController.h; sourceTree = "<group>"; };
		00D3C420147C28440067A768 /* LoginViewController.m */ = {isa = PBXFileReference; fileEncoding = 4; lastKnownFileType = sourcecode.c.objc; path = LoginViewController.m; sourceTree = "<group>"; };
		00D3C421147C28440067A768 /* LoginViewController.xib */ = {isa = PBXFileReference; fileEncoding = 4; lastKnownFileType = file.xib; path = LoginViewController.xib; sourceTree = "<group>"; };
		00D3C427147C31E80067A768 /* img_bg_login.png */ = {isa = PBXFileReference; lastKnownFileType = image.png; path = img_bg_login.png; sourceTree = "<group>"; };
		00D3C42D147D537B0067A768 /* OpenAccountViewController.h */ = {isa = PBXFileReference; fileEncoding = 4; lastKnownFileType = sourcecode.c.h; path = OpenAccountViewController.h; sourceTree = "<group>"; };
		00D3C42E147D537B0067A768 /* OpenAccountViewController.m */ = {isa = PBXFileReference; fileEncoding = 4; lastKnownFileType = sourcecode.c.objc; path = OpenAccountViewController.m; sourceTree = "<group>"; };
		00D3C42F147D537B0067A768 /* OpenAccountViewController.xib */ = {isa = PBXFileReference; fileEncoding = 4; lastKnownFileType = file.xib; path = OpenAccountViewController.xib; sourceTree = "<group>"; };
		00D3C432147D60F20067A768 /* BFConstants.h */ = {isa = PBXFileReference; fileEncoding = 4; lastKnownFileType = sourcecode.c.h; path = BFConstants.h; sourceTree = "<group>"; };
		00D5191C14891DBA0049F43E /* PieChartMVAccountsViewController.h */ = {isa = PBXFileReference; fileEncoding = 4; lastKnownFileType = sourcecode.c.h; path = PieChartMVAccountsViewController.h; sourceTree = "<group>"; };
		00D5191D14891DBA0049F43E /* PieChartMVAccountsViewController.m */ = {isa = PBXFileReference; fileEncoding = 4; lastKnownFileType = sourcecode.c.objc; path = PieChartMVAccountsViewController.m; sourceTree = "<group>"; };
		00D51920148951370049F43E /* PieChartMVPositionViewController.h */ = {isa = PBXFileReference; fileEncoding = 4; lastKnownFileType = sourcecode.c.h; path = PieChartMVPositionViewController.h; sourceTree = "<group>"; };
		00D51921148951370049F43E /* PieChartMVPositionViewController.m */ = {isa = PBXFileReference; fileEncoding = 4; lastKnownFileType = sourcecode.c.objc; path = PieChartMVPositionViewController.m; sourceTree = "<group>"; };
		00DFF9021480893E001A4641 /* AccountsViewController.h */ = {isa = PBXFileReference; fileEncoding = 4; lastKnownFileType = sourcecode.c.h; path = AccountsViewController.h; sourceTree = "<group>"; };
		00DFF9031480893E001A4641 /* AccountsViewController.m */ = {isa = PBXFileReference; fileEncoding = 4; lastKnownFileType = sourcecode.c.objc; path = AccountsViewController.m; sourceTree = "<group>"; };
		00DFF90514808975001A4641 /* PositionsViewController.h */ = {isa = PBXFileReference; fileEncoding = 4; lastKnownFileType = sourcecode.c.h; path = PositionsViewController.h; sourceTree = "<group>"; };
		00DFF90614808975001A4641 /* PositionsViewController.m */ = {isa = PBXFileReference; fileEncoding = 4; lastKnownFileType = sourcecode.c.objc; path = PositionsViewController.m; sourceTree = "<group>"; };
		00DFF90814808988001A4641 /* OrdersViewController.h */ = {isa = PBXFileReference; fileEncoding = 4; lastKnownFileType = sourcecode.c.h; path = OrdersViewController.h; sourceTree = "<group>"; };
		00DFF90914808988001A4641 /* OrdersViewController.m */ = {isa = PBXFileReference; fileEncoding = 4; lastKnownFileType = sourcecode.c.objc; path = OrdersViewController.m; sourceTree = "<group>"; };
		00DFF90B1480899D001A4641 /* TransactionsViewController.h */ = {isa = PBXFileReference; fileEncoding = 4; lastKnownFileType = sourcecode.c.h; path = TransactionsViewController.h; sourceTree = "<group>"; };
		00DFF90C1480899D001A4641 /* TransactionsViewController.m */ = {isa = PBXFileReference; fileEncoding = 4; lastKnownFileType = sourcecode.c.objc; path = TransactionsViewController.m; sourceTree = "<group>"; };
		00DFF9191480AAC6001A4641 /* AccountsViewController.xib */ = {isa = PBXFileReference; fileEncoding = 4; lastKnownFileType = file.xib; path = AccountsViewController.xib; sourceTree = "<group>"; };
		00DFF91B1480AAF0001A4641 /* PositionsViewController.xib */ = {isa = PBXFileReference; fileEncoding = 4; lastKnownFileType = file.xib; path = PositionsViewController.xib; sourceTree = "<group>"; };
		00DFF91D1480AB01001A4641 /* OrdersViewController.xib */ = {isa = PBXFileReference; fileEncoding = 4; lastKnownFileType = file.xib; path = OrdersViewController.xib; sourceTree = "<group>"; };
		00DFF91F1480AB14001A4641 /* TransactionsViewController.xib */ = {isa = PBXFileReference; fileEncoding = 4; lastKnownFileType = file.xib; path = TransactionsViewController.xib; sourceTree = "<group>"; };
		00DFF9211480AD67001A4641 /* BFToolbar.h */ = {isa = PBXFileReference; fileEncoding = 4; lastKnownFileType = sourcecode.c.h; path = BFToolbar.h; sourceTree = "<group>"; };
		00DFF9221480AD68001A4641 /* BFToolbar.m */ = {isa = PBXFileReference; fileEncoding = 4; lastKnownFileType = sourcecode.c.objc; path = BFToolbar.m; sourceTree = "<group>"; };
		00DFF9241480AD91001A4641 /* BFToolbar.xib */ = {isa = PBXFileReference; fileEncoding = 4; lastKnownFileType = file.xib; path = BFToolbar.xib; sourceTree = "<group>"; };
		00DFF93B1483DE23001A4641 /* btn_openanaccount.png */ = {isa = PBXFileReference; lastKnownFileType = image.png; path = btn_openanaccount.png; sourceTree = "<group>"; };
		00DFF93D1483ED7F001A4641 /* btn_openaccount.png */ = {isa = PBXFileReference; lastKnownFileType = image.png; path = btn_openaccount.png; sourceTree = "<group>"; };
		00DFF93F1483EE5A001A4641 /* btn_cancel500.png */ = {isa = PBXFileReference; lastKnownFileType = image.png; path = btn_cancel500.png; sourceTree = "<group>"; };
		00DFF9411483EFD1001A4641 /* img_bg_yellow.png */ = {isa = PBXFileReference; lastKnownFileType = image.png; path = img_bg_yellow.png; sourceTree = "<group>"; };
		00DFF95D14841317001A4641 /* BFMoney.h */ = {isa = PBXFileReference; fileEncoding = 4; lastKnownFileType = sourcecode.c.h; path = BFMoney.h; sourceTree = "<group>"; };
		00DFF95E14841318001A4641 /* BFMoney.m */ = {isa = PBXFileReference; fileEncoding = 4; lastKnownFileType = sourcecode.c.objc; path = BFMoney.m; sourceTree = "<group>"; };
		00DFF96014841780001A4641 /* BFPosition.h */ = {isa = PBXFileReference; fileEncoding = 4; lastKnownFileType = sourcecode.c.h; path = BFPosition.h; sourceTree = "<group>"; };
		00DFF96114841781001A4641 /* BFPosition.m */ = {isa = PBXFileReference; fileEncoding = 4; lastKnownFileType = sourcecode.c.objc; path = BFPosition.m; sourceTree = "<group>"; };
		00DFF96414841B00001A4641 /* BFBrokerageAccount.h */ = {isa = PBXFileReference; fileEncoding = 4; lastKnownFileType = sourcecode.c.h; path = BFBrokerageAccount.h; sourceTree = "<group>"; };
		00DFF96514841B00001A4641 /* BFBrokerageAccount.m */ = {isa = PBXFileReference; fileEncoding = 4; lastKnownFileType = sourcecode.c.objc; path = BFBrokerageAccount.m; sourceTree = "<group>"; };
		00DFF96B14855010001A4641 /* BFBrokerageAccountStore.h */ = {isa = PBXFileReference; fileEncoding = 4; lastKnownFileType = sourcecode.c.h; path = BFBrokerageAccountStore.h; sourceTree = "<group>"; };
		00DFF96C14855011001A4641 /* BFBrokerageAccountStore.m */ = {isa = PBXFileReference; fileEncoding = 4; lastKnownFileType = sourcecode.c.objc; path = BFBrokerageAccountStore.m; sourceTree = "<group>"; };
		1011436E14CF749C006E5909 /* CorePlot-CocoaTouch.xcodeproj */ = {isa = PBXFileReference; lastKnownFileType = "wrapper.pb-project"; name = "CorePlot-CocoaTouch.xcodeproj"; path = "../core-plot/framework/CorePlot-CocoaTouch.xcodeproj"; sourceTree = "<group>"; };
		545C5E7414E55DA6003560C8 /* BFUser.h */ = {isa = PBXFileReference; fileEncoding = 4; lastKnownFileType = sourcecode.c.h; path = BFUser.h; sourceTree = "<group>"; };
		545C5E7514E55DA6003560C8 /* BFUser.m */ = {isa = PBXFileReference; fileEncoding = 4; lastKnownFileType = sourcecode.c.objc; path = BFUser.m; sourceTree = "<group>"; };
		545C5E7B14E574D5003560C8 /* Default-Portrait~ipad.png */ = {isa = PBXFileReference; lastKnownFileType = image.png; name = "Default-Portrait~ipad.png"; path = "../Default-Portrait~ipad.png"; sourceTree = "<group>"; };
		545C5E7D14E574FF003560C8 /* Default-Landscape~ipad.png */ = {isa = PBXFileReference; lastKnownFileType = image.png; name = "Default-Landscape~ipad.png"; path = "../Default-Landscape~ipad.png"; sourceTree = "<group>"; };
		54B78A3F14E5C91F002FF1AC /* PositionTableViewCell.xib */ = {isa = PBXFileReference; fileEncoding = 4; lastKnownFileType = file.xib; path = PositionTableViewCell.xib; sourceTree = "<group>"; };
		54B78A5C14E976DA002FF1AC /* tradePositionBTN.h */ = {isa = PBXFileReference; fileEncoding = 4; lastKnownFileType = sourcecode.c.h; path = tradePositionBTN.h; sourceTree = "<group>"; };
		54B78A5D14E976DB002FF1AC /* tradePositionBTN.m */ = {isa = PBXFileReference; fileEncoding = 4; lastKnownFileType = sourcecode.c.objc; path = tradePositionBTN.m; sourceTree = "<group>"; };
		54B78A5F14E9785D002FF1AC /* expandPositionBTN.h */ = {isa = PBXFileReference; fileEncoding = 4; lastKnownFileType = sourcecode.c.h; path = expandPositionBTN.h; sourceTree = "<group>"; };
		54B78A6014E9785E002FF1AC /* expandPositionBTN.m */ = {isa = PBXFileReference; fileEncoding = 4; lastKnownFileType = sourcecode.c.objc; path = expandPositionBTN.m; sourceTree = "<group>"; };
		54B78A6214E98954002FF1AC /* PositionLandscapeTableViewCell.xib */ = {isa = PBXFileReference; fileEncoding = 4; lastKnownFileType = file.xib; path = PositionLandscapeTableViewCell.xib; sourceTree = "<group>"; };
		54B78A6814EAA14A002FF1AC /* TradeViewController.h */ = {isa = PBXFileReference; fileEncoding = 4; lastKnownFileType = sourcecode.c.h; path = TradeViewController.h; sourceTree = "<group>"; };
		54B78A6914EAA14E002FF1AC /* TradeViewController.m */ = {isa = PBXFileReference; fileEncoding = 4; lastKnownFileType = sourcecode.c.objc; path = TradeViewController.m; sourceTree = "<group>"; };
		54B78A6A14EAA150002FF1AC /* TradeViewController.xib */ = {isa = PBXFileReference; fileEncoding = 4; lastKnownFileType = file.xib; path = TradeViewController.xib; sourceTree = "<group>"; };
		54B78A6D14EAA174002FF1AC /* TransferViewController.h */ = {isa = PBXFileReference; fileEncoding = 4; lastKnownFileType = sourcecode.c.h; path = TransferViewController.h; sourceTree = "<group>"; };
		54B78A6E14EAA177002FF1AC /* TransferViewController.m */ = {isa = PBXFileReference; fileEncoding = 4; lastKnownFileType = sourcecode.c.objc; path = TransferViewController.m; sourceTree = "<group>"; };
		54B78A6F14EAA178002FF1AC /* TransferViewController.xib */ = {isa = PBXFileReference; fileEncoding = 4; lastKnownFileType = file.xib; path = TransferViewController.xib; sourceTree = "<group>"; };
		54B78A9914EB00A6002FF1AC /* FilterViewController.h */ = {isa = PBXFileReference; fileEncoding = 4; lastKnownFileType = sourcecode.c.h; path = FilterViewController.h; sourceTree = "<group>"; };
		54B78A9A14EB00A7002FF1AC /* FilterViewController.m */ = {isa = PBXFileReference; fileEncoding = 4; lastKnownFileType = sourcecode.c.objc; path = FilterViewController.m; sourceTree = "<group>"; };
		54B78A9B14EB00A9002FF1AC /* FilterViewController.xib */ = {isa = PBXFileReference; fileEncoding = 4; lastKnownFileType = file.xib; path = FilterViewController.xib; sourceTree = "<group>"; };
		54B78AEA14EC4652002FF1AC /* UserViewController.h */ = {isa = PBXFileReference; fileEncoding = 4; lastKnownFileType = sourcecode.c.h; path = UserViewController.h; sourceTree = "<group>"; };
		54B78AEB14EC4654002FF1AC /* UserViewController.m */ = {isa = PBXFileReference; fileEncoding = 4; lastKnownFileType = sourcecode.c.objc; path = UserViewController.m; sourceTree = "<group>"; };
		54B78AEC14EC4655002FF1AC /* UserViewController.xib */ = {isa = PBXFileReference; fileEncoding = 4; lastKnownFileType = file.xib; path = UserViewController.xib; sourceTree = "<group>"; };
		9575360B14E41FDA002A3E52 /* login-screen-form-fields.png */ = {isa = PBXFileReference; lastKnownFileType = image.png; path = "login-screen-form-fields.png"; sourceTree = "<group>"; };
		9586FA7114EB684300A0B28C /* AccountLandscapeTableViewCell.xib */ = {isa = PBXFileReference; fileEncoding = 4; lastKnownFileType = file.xib; path = AccountLandscapeTableViewCell.xib; sourceTree = "<group>"; };
		9586FA7214EB684300A0B28C /* AccountTableViewCell.xib */ = {isa = PBXFileReference; fileEncoding = 4; lastKnownFileType = file.xib; path = AccountTableViewCell.xib; sourceTree = "<group>"; };
		9586FA7514EB6A2100A0B28C /* AccountsToPosition_RowArrow.png */ = {isa = PBXFileReference; lastKnownFileType = image.png; path = AccountsToPosition_RowArrow.png; sourceTree = "<group>"; };
		9586FA7614EB6A2100A0B28C /* AddAccountButton_PushDownState.png */ = {isa = PBXFileReference; lastKnownFileType = image.png; path = AddAccountButton_PushDownState.png; sourceTree = "<group>"; };
		9586FA7714EB6A2200A0B28C /* AddAccountButton.png */ = {isa = PBXFileReference; lastKnownFileType = image.png; path = AddAccountButton.png; sourceTree = "<group>"; };
		9586FA7814EB6A2200A0B28C /* BackButton_PushDownState.png */ = {isa = PBXFileReference; lastKnownFileType = image.png; path = BackButton_PushDownState.png; sourceTree = "<group>"; };
		9586FA7914EB6A2300A0B28C /* BackButton.png */ = {isa = PBXFileReference; lastKnownFileType = image.png; path = BackButton.png; sourceTree = "<group>"; };
		9586FA7A14EB6A2300A0B28C /* bullsfirst-HeaderBarLogo.png */ = {isa = PBXFileReference; lastKnownFileType = image.png; path = "bullsfirst-HeaderBarLogo.png"; sourceTree = "<group>"; };
		9586FA7B14EB6A2300A0B28C /* EditButton-PushDown.png */ = {isa = PBXFileReference; lastKnownFileType = image.png; path = "EditButton-PushDown.png"; sourceTree = "<group>"; };
		9586FA7C14EB6A2300A0B28C /* EditButton.png */ = {isa = PBXFileReference; lastKnownFileType = image.png; path = EditButton.png; sourceTree = "<group>"; };
		9586FA7D14EB6A2400A0B28C /* FiltersClosed_PushDownState.png */ = {isa = PBXFileReference; lastKnownFileType = image.png; path = FiltersClosed_PushDownState.png; sourceTree = "<group>"; };
		9586FA7E14EB6A2400A0B28C /* FiltersClosed.png */ = {isa = PBXFileReference; lastKnownFileType = image.png; path = FiltersClosed.png; sourceTree = "<group>"; };
		9586FA7F14EB6A2400A0B28C /* FiltersOpen_PushDownState.png */ = {isa = PBXFileReference; lastKnownFileType = image.png; path = FiltersOpen_PushDownState.png; sourceTree = "<group>"; };
		9586FA8014EB6A2500A0B28C /* FiltersOpen.png */ = {isa = PBXFileReference; lastKnownFileType = image.png; path = FiltersOpen.png; sourceTree = "<group>"; };
		9586FA8114EB6A2500A0B28C /* HeaderBar_BackgroundGradient.jpg */ = {isa = PBXFileReference; lastKnownFileType = image.jpeg; path = HeaderBar_BackgroundGradient.jpg; sourceTree = "<group>"; };
		9586FA8214EB6A2500A0B28C /* RefreshButton_PushDownState.png */ = {isa = PBXFileReference; lastKnownFileType = image.png; path = RefreshButton_PushDownState.png; sourceTree = "<group>"; };
		9586FA8314EB6A2500A0B28C /* RefreshButton.png */ = {isa = PBXFileReference; lastKnownFileType = image.png; path = RefreshButton.png; sourceTree = "<group>"; };
		9586FA8414EB6A2600A0B28C /* SettingsButton_PushDownState.png */ = {isa = PBXFileReference; lastKnownFileType = image.png; path = SettingsButton_PushDownState.png; sourceTree = "<group>"; };
		9586FA8514EB6A2600A0B28C /* SettingsButton.png */ = {isa = PBXFileReference; lastKnownFileType = image.png; path = SettingsButton.png; sourceTree = "<group>"; };
		9586FA8614EB6A2600A0B28C /* SwitchAccountsButton_PushDownState.png */ = {isa = PBXFileReference; lastKnownFileType = image.png; path = SwitchAccountsButton_PushDownState.png; sourceTree = "<group>"; };
		9586FA8714EB6A2600A0B28C /* SwitchAccountsButton.png */ = {isa = PBXFileReference; lastKnownFileType = image.png; path = SwitchAccountsButton.png; sourceTree = "<group>"; };
		9586FA8814EB6A2700A0B28C /* TabBar_Accounts.png */ = {isa = PBXFileReference; lastKnownFileType = image.png; path = TabBar_Accounts.png; sourceTree = "<group>"; };
		9586FA8914EB6A2700A0B28C /* TabBar_Gradient.jpg */ = {isa = PBXFileReference; lastKnownFileType = image.jpeg; path = TabBar_Gradient.jpg; sourceTree = "<group>"; };
		9586FA8A14EB6A2700A0B28C /* TabBar_Orders.png */ = {isa = PBXFileReference; lastKnownFileType = image.png; path = TabBar_Orders.png; sourceTree = "<group>"; };
		9586FA8B14EB6A2700A0B28C /* TabBar_Positions.png */ = {isa = PBXFileReference; lastKnownFileType = image.png; path = TabBar_Positions.png; sourceTree = "<group>"; };
		9586FA8C14EB6A2800A0B28C /* TabBar_Transactions.png */ = {isa = PBXFileReference; lastKnownFileType = image.png; path = TabBar_Transactions.png; sourceTree = "<group>"; };
		9586FA8D14EB6A2800A0B28C /* TitleBar_BackgroundGradient.jpg */ = {isa = PBXFileReference; lastKnownFileType = image.jpeg; path = TitleBar_BackgroundGradient.jpg; sourceTree = "<group>"; };
		9586FA8E14EB6A2800A0B28C /* TradeButton_PushDownState.png */ = {isa = PBXFileReference; lastKnownFileType = image.png; path = TradeButton_PushDownState.png; sourceTree = "<group>"; };
		9586FA8F14EB6A2800A0B28C /* TradeButton.png */ = {isa = PBXFileReference; lastKnownFileType = image.png; path = TradeButton.png; sourceTree = "<group>"; };
		9586FA9014EB6A2900A0B28C /* TransferButton_PushDownState.png */ = {isa = PBXFileReference; lastKnownFileType = image.png; path = TransferButton_PushDownState.png; sourceTree = "<group>"; };
		9586FA9114EB6A2900A0B28C /* TransferButton.png */ = {isa = PBXFileReference; lastKnownFileType = image.png; path = TransferButton.png; sourceTree = "<group>"; };
		9586FAAF14EB804600A0B28C /* editAccountNameBTN.h */ = {isa = PBXFileReference; fileEncoding = 4; lastKnownFileType = sourcecode.c.h; path = editAccountNameBTN.h; sourceTree = "<group>"; };
		9586FAB014EB804600A0B28C /* editAccountNameBTN.m */ = {isa = PBXFileReference; fileEncoding = 4; lastKnownFileType = sourcecode.c.objc; path = editAccountNameBTN.m; sourceTree = "<group>"; };
		9586FAB214EB8F8200A0B28C /* showPositionsBTN.h */ = {isa = PBXFileReference; fileEncoding = 4; lastKnownFileType = sourcecode.c.h; path = showPositionsBTN.h; sourceTree = "<group>"; };
		9586FAB314EB8F8400A0B28C /* showPositionsBTN.m */ = {isa = PBXFileReference; fileEncoding = 4; lastKnownFileType = sourcecode.c.objc; path = showPositionsBTN.m; sourceTree = "<group>"; };
		95BA216D14E506B000F813E2 /* login-screen-background-landscape.png */ = {isa = PBXFileReference; lastKnownFileType = image.png; path = "login-screen-background-landscape.png"; sourceTree = "<group>"; };
		95BA216E14E506B000F813E2 /* login-screen-background-portrait.png */ = {isa = PBXFileReference; lastKnownFileType = image.png; path = "login-screen-background-portrait.png"; sourceTree = "<group>"; };
		95C6A84514DBB769004F023A /* bullsfirst-logo-transparent.png */ = {isa = PBXFileReference; lastKnownFileType = image.png; path = "bullsfirst-logo-transparent.png"; sourceTree = "<group>"; };
		95C6A84614DBB769004F023A /* login-button-clicked.png */ = {isa = PBXFileReference; lastKnownFileType = image.png; path = "login-button-clicked.png"; sourceTree = "<group>"; };
		95C6A84714DBB769004F023A /* login-button.png */ = {isa = PBXFileReference; lastKnownFileType = image.png; path = "login-button.png"; sourceTree = "<group>"; };
		95C6A84B14DBB769004F023A /* open-account-button-clicked.png */ = {isa = PBXFileReference; lastKnownFileType = image.png; path = "open-account-button-clicked.png"; sourceTree = "<group>"; };
		95C6A84C14DBB769004F023A /* open-account-button.png */ = {isa = PBXFileReference; lastKnownFileType = image.png; path = "open-account-button.png"; sourceTree = "<group>"; };
		95C6A85914DBED54004F023A /* RootViewController.h */ = {isa = PBXFileReference; fileEncoding = 4; lastKnownFileType = sourcecode.c.h; path = RootViewController.h; sourceTree = "<group>"; };
		95C6A85A14DBED54004F023A /* RootViewController.m */ = {isa = PBXFileReference; fileEncoding = 4; lastKnownFileType = sourcecode.c.objc; path = RootViewController.m; sourceTree = "<group>"; };
		95C6A85B14DBED54004F023A /* RootViewController.xib */ = {isa = PBXFileReference; fileEncoding = 4; lastKnownFileType = file.xib; path = RootViewController.xib; sourceTree = "<group>"; };
		95C6A85E14DFE868004F023A /* app-icon-72x72.png */ = {isa = PBXFileReference; lastKnownFileType = image.png; path = "app-icon-72x72.png"; sourceTree = "<group>"; };
		AC26C81A14DBF67400ABD693 /* AuthenticationChallengeHandler.h */ = {isa = PBXFileReference; fileEncoding = 4; lastKnownFileType = sourcecode.c.h; path = AuthenticationChallengeHandler.h; sourceTree = "<group>"; };
		AC26C81B14DBF67400ABD693 /* AuthenticationChallengeHandler.m */ = {isa = PBXFileReference; fileEncoding = 4; lastKnownFileType = sourcecode.c.objc; path = AuthenticationChallengeHandler.m; sourceTree = "<group>"; };
		AC26C81C14DBF67400ABD693 /* ChallengeHandler.h */ = {isa = PBXFileReference; fileEncoding = 4; lastKnownFileType = sourcecode.c.h; path = ChallengeHandler.h; sourceTree = "<group>"; };
		AC26C81D14DBF67400ABD693 /* ChallengeHandler.m */ = {isa = PBXFileReference; fileEncoding = 4; lastKnownFileType = sourcecode.c.objc; path = ChallengeHandler.m; sourceTree = "<group>"; };
		AC26C81E14DBF67400ABD693 /* ClientIdentityChallengeHandler.h */ = {isa = PBXFileReference; fileEncoding = 4; lastKnownFileType = sourcecode.c.h; path = ClientIdentityChallengeHandler.h; sourceTree = "<group>"; };
		AC26C81F14DBF67400ABD693 /* ClientIdentityChallengeHandler.m */ = {isa = PBXFileReference; fileEncoding = 4; lastKnownFileType = sourcecode.c.objc; path = ClientIdentityChallengeHandler.m; sourceTree = "<group>"; };
		AC26C82014DBF67400ABD693 /* Credentials.h */ = {isa = PBXFileReference; fileEncoding = 4; lastKnownFileType = sourcecode.c.h; path = Credentials.h; sourceTree = "<group>"; };
		AC26C82114DBF67400ABD693 /* Credentials.m */ = {isa = PBXFileReference; fileEncoding = 4; lastKnownFileType = sourcecode.c.objc; path = Credentials.m; sourceTree = "<group>"; };
		AC26C82414DBF67400ABD693 /* ServerTrustChallengeHandler.h */ = {isa = PBXFileReference; fileEncoding = 4; lastKnownFileType = sourcecode.c.h; path = ServerTrustChallengeHandler.h; sourceTree = "<group>"; };
		AC26C82514DBF67400ABD693 /* ServerTrustChallengeHandler.m */ = {isa = PBXFileReference; fileEncoding = 4; lastKnownFileType = sourcecode.c.objc; path = ServerTrustChallengeHandler.m; sourceTree = "<group>"; };
		AC26C83E14DF9C2000ABD693 /* WebServiceObject.h */ = {isa = PBXFileReference; fileEncoding = 4; lastKnownFileType = sourcecode.c.h; path = WebServiceObject.h; sourceTree = "<group>"; };
		AC26C83F14DF9C2000ABD693 /* WebServiceObject.m */ = {isa = PBXFileReference; fileEncoding = 4; lastKnownFileType = sourcecode.c.objc; path = WebServiceObject.m; sourceTree = "<group>"; };
		AC26C84214DFA0B900ABD693 /* BullFirstWebServiceObject.h */ = {isa = PBXFileReference; fileEncoding = 4; lastKnownFileType = sourcecode.c.h; path = BullFirstWebServiceObject.h; sourceTree = "<group>"; };
		AC26C84314DFA0B900ABD693 /* BullFirstWebServiceObject.m */ = {isa = PBXFileReference; fileEncoding = 4; lastKnownFileType = sourcecode.c.objc; path = BullFirstWebServiceObject.m; sourceTree = "<group>"; };
		AC26C84614DFA10300ABD693 /* NSData+Base64.h */ = {isa = PBXFileReference; fileEncoding = 4; lastKnownFileType = sourcecode.c.h; path = "NSData+Base64.h"; sourceTree = "<group>"; };
		AC26C84714DFA10300ABD693 /* NSData+Base64.m */ = {isa = PBXFileReference; fileEncoding = 4; lastKnownFileType = sourcecode.c.objc; path = "NSData+Base64.m"; sourceTree = "<group>"; };
		AC26C84914DFA84D00ABD693 /* Security.framework */ = {isa = PBXFileReference; lastKnownFileType = wrapper.framework; name = Security.framework; path = System/Library/Frameworks/Security.framework; sourceTree = SDKROOT; };
		AC66816F14ECD43C00BB02FF /* CMPopTipView.h */ = {isa = PBXFileReference; fileEncoding = 4; lastKnownFileType = sourcecode.c.h; path = CMPopTipView.h; sourceTree = "<group>"; };
		AC66817014ECD43C00BB02FF /* CMPopTipView.m */ = {isa = PBXFileReference; fileEncoding = 4; lastKnownFileType = sourcecode.c.objc; path = CMPopTipView.m; sourceTree = "<group>"; };
		AC66817114ECD43C00BB02FF /* DataValidator.h */ = {isa = PBXFileReference; fileEncoding = 4; lastKnownFileType = sourcecode.c.h; path = DataValidator.h; sourceTree = "<group>"; };
		AC66817214ECD43C00BB02FF /* DataValidator.m */ = {isa = PBXFileReference; fileEncoding = 4; lastKnownFileType = sourcecode.c.objc; path = DataValidator.m; sourceTree = "<group>"; };
		AC9B72CC14DA755100B843AC /* EditAccountNameViewController.h */ = {isa = PBXFileReference; fileEncoding = 4; lastKnownFileType = sourcecode.c.h; path = EditAccountNameViewController.h; sourceTree = "<group>"; };
		AC9B72CD14DA755100B843AC /* EditAccountNameViewController.m */ = {isa = PBXFileReference; fileEncoding = 4; lastKnownFileType = sourcecode.c.objc; path = EditAccountNameViewController.m; sourceTree = "<group>"; };
		AC9B72CE14DA755200B843AC /* EditAccountNameViewController.xib */ = {isa = PBXFileReference; fileEncoding = 4; lastKnownFileType = file.xib; path = EditAccountNameViewController.xib; sourceTree = "<group>"; };
		AC9B72E314DAB01800B843AC /* BFPlainWhiteTheme.h */ = {isa = PBXFileReference; fileEncoding = 4; lastKnownFileType = sourcecode.c.h; name = BFPlainWhiteTheme.h; path = Bullsfirst/BFPlainWhiteTheme.h; sourceTree = "<group>"; };
		AC9B72E414DAB01800B843AC /* BFPlainWhiteTheme.m */ = {isa = PBXFileReference; fileEncoding = 4; lastKnownFileType = sourcecode.c.objc; name = BFPlainWhiteTheme.m; path = Bullsfirst/BFPlainWhiteTheme.m; sourceTree = "<group>"; };
		AC9F210D14E13AEE0024C3D3 /* _BFCPTXYTheme.h */ = {isa = PBXFileReference; fileEncoding = 4; lastKnownFileType = sourcecode.c.h; name = _BFCPTXYTheme.h; path = Bullsfirst/_BFCPTXYTheme.h; sourceTree = "<group>"; };
		AC9F210E14E13AEE0024C3D3 /* _BFCPTXYTheme.m */ = {isa = PBXFileReference; fileEncoding = 4; lastKnownFileType = sourcecode.c.objc; name = _BFCPTXYTheme.m; path = Bullsfirst/_BFCPTXYTheme.m; sourceTree = "<group>"; };
		AC9F210F14E13AEE0024C3D3 /* BFCPTTheme.h */ = {isa = PBXFileReference; fileEncoding = 4; lastKnownFileType = sourcecode.c.h; name = BFCPTTheme.h; path = Bullsfirst/BFCPTTheme.h; sourceTree = "<group>"; };
		AC9F211014E13AEE0024C3D3 /* BFCPTTheme.m */ = {isa = PBXFileReference; fileEncoding = 4; lastKnownFileType = sourcecode.c.objc; name = BFCPTTheme.m; path = Bullsfirst/BFCPTTheme.m; sourceTree = "<group>"; };
		ACDA1B2014E3A3F800B3673F /* BF-CorePlot-CocoaTouch.h */ = {isa = PBXFileReference; fileEncoding = 4; lastKnownFileType = sourcecode.c.h; name = "BF-CorePlot-CocoaTouch.h"; path = "Bullsfirst/BF-CorePlot-CocoaTouch.h"; sourceTree = "<group>"; };
/* End PBXFileReference section */

/* Begin PBXFrameworksBuildPhase section */
		00D3C401147C27120067A768 /* Frameworks */ = {
			isa = PBXFrameworksBuildPhase;
			buildActionMask = 2147483647;
			files = (
				AC26C84A14DFA84D00ABD693 /* Security.framework in Frameworks */,
				00D5191B14891BD20049F43E /* QuartzCore.framework in Frameworks */,
				00D3C409147C27120067A768 /* UIKit.framework in Frameworks */,
				00D3C40B147C27120067A768 /* Foundation.framework in Frameworks */,
				00D3C40D147C27120067A768 /* CoreGraphics.framework in Frameworks */,
				1011437C14CF77EF006E5909 /* libCorePlot-CocoaTouch.a in Frameworks */,
			);
			runOnlyForDeploymentPostprocessing = 0;
		};
/* End PBXFrameworksBuildPhase section */

/* Begin PBXGroup section */
		00D3C3F9147C27120067A768 = {
			isa = PBXGroup;
			children = (
				00D3C40E147C27120067A768 /* Bullsfirst */,
				00D3C407147C27120067A768 /* Frameworks */,
				00D3C405147C27120067A768 /* Products */,
				1011436E14CF749C006E5909 /* CorePlot-CocoaTouch.xcodeproj */,
			);
			sourceTree = "<group>";
		};
		00D3C405147C27120067A768 /* Products */ = {
			isa = PBXGroup;
			children = (
				00D3C404147C27120067A768 /* Bullsfirst.app */,
			);
			name = Products;
			sourceTree = "<group>";
		};
		00D3C407147C27120067A768 /* Frameworks */ = {
			isa = PBXGroup;
			children = (
				AC26C84914DFA84D00ABD693 /* Security.framework */,
				00B38DF71488025000DC62F2 /* QuartzCore.framework */,
				00D3C408147C27120067A768 /* UIKit.framework */,
				00D3C40A147C27120067A768 /* Foundation.framework */,
				00D3C40C147C27120067A768 /* CoreGraphics.framework */,
			);
			name = Frameworks;
			sourceTree = "<group>";
		};
		00D3C40E147C27120067A768 /* Bullsfirst */ = {
			isa = PBXGroup;
			children = (
				AC66816D14ECD43B00BB02FF /* TextFieldValidator */,
				AC26C84514DFA0C100ABD693 /* base64 encoding */,
				AC26C84114DFA08000ABD693 /* BullsFirstWebServiceObject */,
				AC26C81914DBF64700ABD693 /* Web Service Object */,
				00D3C417147C27120067A768 /* AppDelegate.h */,
				00D3C418147C27120067A768 /* AppDelegate.m */,
				545C5E3214E45AEC003560C8 /* View Controllers */,
				AC9B72D114DA7E3700B843AC /* BF-CorePlot Extensions */,
				00DFF9631484179D001A4641 /* Model */,
				00D5191F148932BD0049F43E /* old */,
				00D3C424147C285D0067A768 /* Resources */,
				00D3C40F147C27120067A768 /* Supporting Files */,
			);
			path = Bullsfirst;
			sourceTree = "<group>";
		};
		00D3C40F147C27120067A768 /* Supporting Files */ = {
			isa = PBXGroup;
			children = (
				00D3C432147D60F20067A768 /* BFConstants.h */,
				00D3C410147C27120067A768 /* Bullsfirst-Info.plist */,
				00D3C411147C27120067A768 /* InfoPlist.strings */,
				00D3C414147C27120067A768 /* main.m */,
				00D3C416147C27120067A768 /* Bullsfirst-Prefix.pch */,
			);
			name = "Supporting Files";
			sourceTree = "<group>";
		};
		00D3C424147C285D0067A768 /* Resources */ = {
			isa = PBXGroup;
			children = (
				00DFF9171480A8D7001A4641 /* images */,
			);
			name = Resources;
			sourceTree = "<group>";
		};
		00D5191F148932BD0049F43E /* old */ = {
			isa = PBXGroup;
			children = (
			);
			name = old;
			sourceTree = "<group>";
		};
		00DFF90E148089B6001A4641 /* Tabs */ = {
			isa = PBXGroup;
			children = (
				54B78A1C14E58F74002FF1AC /* Account Tab */,
				54B78A1D14E58FA4002FF1AC /* Position Tab */,
				54B78A1E14E58FD4002FF1AC /* Order Tab */,
				54B78A1F14E58FED002FF1AC /* Transection Tab */,
				00DFF9211480AD67001A4641 /* BFToolbar.h */,
				00DFF9221480AD68001A4641 /* BFToolbar.m */,
				00DFF9241480AD91001A4641 /* BFToolbar.xib */,
				95C6A85914DBED54004F023A /* RootViewController.h */,
				95C6A85A14DBED54004F023A /* RootViewController.m */,
				95C6A85B14DBED54004F023A /* RootViewController.xib */,
			);
			name = Tabs;
			sourceTree = "<group>";
		};
		00DFF9171480A8D7001A4641 /* images */ = {
			isa = PBXGroup;
			children = (
				9586FA7514EB6A2100A0B28C /* AccountsToPosition_RowArrow.png */,
				9586FA7614EB6A2100A0B28C /* AddAccountButton_PushDownState.png */,
				9586FA7714EB6A2200A0B28C /* AddAccountButton.png */,
				9586FA7814EB6A2200A0B28C /* BackButton_PushDownState.png */,
				9586FA7914EB6A2300A0B28C /* BackButton.png */,
				9586FA7A14EB6A2300A0B28C /* bullsfirst-HeaderBarLogo.png */,
				9586FA7B14EB6A2300A0B28C /* EditButton-PushDown.png */,
				9586FA7C14EB6A2300A0B28C /* EditButton.png */,
				9586FA7D14EB6A2400A0B28C /* FiltersClosed_PushDownState.png */,
				9586FA7E14EB6A2400A0B28C /* FiltersClosed.png */,
				9586FA7F14EB6A2400A0B28C /* FiltersOpen_PushDownState.png */,
				9586FA8014EB6A2500A0B28C /* FiltersOpen.png */,
				9586FA8114EB6A2500A0B28C /* HeaderBar_BackgroundGradient.jpg */,
				9586FA8214EB6A2500A0B28C /* RefreshButton_PushDownState.png */,
				9586FA8314EB6A2500A0B28C /* RefreshButton.png */,
				9586FA8414EB6A2600A0B28C /* SettingsButton_PushDownState.png */,
				9586FA8514EB6A2600A0B28C /* SettingsButton.png */,
				9586FA8614EB6A2600A0B28C /* SwitchAccountsButton_PushDownState.png */,
				9586FA8714EB6A2600A0B28C /* SwitchAccountsButton.png */,
				9586FA8814EB6A2700A0B28C /* TabBar_Accounts.png */,
				9586FA8914EB6A2700A0B28C /* TabBar_Gradient.jpg */,
				9586FA8A14EB6A2700A0B28C /* TabBar_Orders.png */,
				9586FA8B14EB6A2700A0B28C /* TabBar_Positions.png */,
				9586FA8C14EB6A2800A0B28C /* TabBar_Transactions.png */,
				9586FA8D14EB6A2800A0B28C /* TitleBar_BackgroundGradient.jpg */,
				9586FA8E14EB6A2800A0B28C /* TradeButton_PushDownState.png */,
				9586FA8F14EB6A2800A0B28C /* TradeButton.png */,
				9586FA9014EB6A2900A0B28C /* TransferButton_PushDownState.png */,
				9586FA9114EB6A2900A0B28C /* TransferButton.png */,
				545C5E7D14E574FF003560C8 /* Default-Landscape~ipad.png */,
				545C5E7B14E574D5003560C8 /* Default-Portrait~ipad.png */,
				95BA216D14E506B000F813E2 /* login-screen-background-landscape.png */,
				95BA216E14E506B000F813E2 /* login-screen-background-portrait.png */,
				9575360B14E41FDA002A3E52 /* login-screen-form-fields.png */,
				95C6A85E14DFE868004F023A /* app-icon-72x72.png */,
				95C6A84514DBB769004F023A /* bullsfirst-logo-transparent.png */,
				95C6A84614DBB769004F023A /* login-button-clicked.png */,
				95C6A84714DBB769004F023A /* login-button.png */,
				95C6A84B14DBB769004F023A /* open-account-button-clicked.png */,
				95C6A84C14DBB769004F023A /* open-account-button.png */,
				00DFF93F1483EE5A001A4641 /* btn_cancel500.png */,
				00DFF93D1483ED7F001A4641 /* btn_openaccount.png */,
				00DFF93B1483DE23001A4641 /* btn_openanaccount.png */,
				00D3C427147C31E80067A768 /* img_bg_login.png */,
				00DFF9411483EFD1001A4641 /* img_bg_yellow.png */,
			);
			name = images;
			sourceTree = "<group>";
		};
		00DFF9631484179D001A4641 /* Model */ = {
			isa = PBXGroup;
			children = (
				00DFF95D14841317001A4641 /* BFMoney.h */,
				00DFF95E14841318001A4641 /* BFMoney.m */,
				00DFF96014841780001A4641 /* BFPosition.h */,
				00DFF96114841781001A4641 /* BFPosition.m */,
				00DFF96414841B00001A4641 /* BFBrokerageAccount.h */,
				00DFF96514841B00001A4641 /* BFBrokerageAccount.m */,
				00DFF96B14855010001A4641 /* BFBrokerageAccountStore.h */,
				00DFF96C14855011001A4641 /* BFBrokerageAccountStore.m */,
				545C5E7414E55DA6003560C8 /* BFUser.h */,
				545C5E7514E55DA6003560C8 /* BFUser.m */,
			);
			name = Model;
			sourceTree = "<group>";
		};
		1011436F14CF749C006E5909 /* Products */ = {
			isa = PBXGroup;
			children = (
				1011437814CF749D006E5909 /* libCorePlot-CocoaTouch.a */,
			);
			name = Products;
			sourceTree = "<group>";
		};
		545C5E3214E45AEC003560C8 /* View Controllers */ = {
			isa = PBXGroup;
			children = (
				54B78A7214EAB427002FF1AC /* Forms */,
				54B78A2014E5902A002FF1AC /* Login */,
				00DFF90E148089B6001A4641 /* Tabs */,
			);
			name = "View Controllers";
			sourceTree = "<group>";
		};
		54B78A1C14E58F74002FF1AC /* Account Tab */ = {
			isa = PBXGroup;
			children = (
				00DFF9021480893E001A4641 /* AccountsViewController.h */,
				00DFF9031480893E001A4641 /* AccountsViewController.m */,
				00DFF9191480AAC6001A4641 /* AccountsViewController.xib */,
				9586FAAF14EB804600A0B28C /* editAccountNameBTN.h */,
				9586FAB214EB8F8200A0B28C /* showPositionsBTN.h */,
				9586FAB314EB8F8400A0B28C /* showPositionsBTN.m */,
				9586FAB014EB804600A0B28C /* editAccountNameBTN.m */,
				9586FA7114EB684300A0B28C /* AccountLandscapeTableViewCell.xib */,
				9586FA7214EB684300A0B28C /* AccountTableViewCell.xib */,
				009C1A3A148D3FF400259534 /* AddAccountViewController.h */,
				009C1A3B148D3FF400259534 /* AddAccountViewController.m */,
				004F06CC148D421F003F35D3 /* AddAccountViewController.xib */,
				00D5191C14891DBA0049F43E /* PieChartMVAccountsViewController.h */,
				00D5191D14891DBA0049F43E /* PieChartMVAccountsViewController.m */,
				00D51920148951370049F43E /* PieChartMVPositionViewController.h */,
				00D51921148951370049F43E /* PieChartMVPositionViewController.m */,
				AC9B72CC14DA755100B843AC /* EditAccountNameViewController.h */,
				AC9B72CD14DA755100B843AC /* EditAccountNameViewController.m */,
				AC9B72CE14DA755200B843AC /* EditAccountNameViewController.xib */,
			);
			name = "Account Tab";
			sourceTree = "<group>";
		};
		54B78A1D14E58FA4002FF1AC /* Position Tab */ = {
			isa = PBXGroup;
			children = (
				00DFF90514808975001A4641 /* PositionsViewController.h */,
				00DFF90614808975001A4641 /* PositionsViewController.m */,
				00DFF91B1480AAF0001A4641 /* PositionsViewController.xib */,
				54B78A3F14E5C91F002FF1AC /* PositionTableViewCell.xib */,
				54B78A6214E98954002FF1AC /* PositionLandscapeTableViewCell.xib */,
				54B78A5F14E9785D002FF1AC /* expandPositionBTN.h */,
				54B78A6014E9785E002FF1AC /* expandPositionBTN.m */,
				54B78A5C14E976DA002FF1AC /* tradePositionBTN.h */,
				54B78A5D14E976DB002FF1AC /* tradePositionBTN.m */,
			);
			name = "Position Tab";
			sourceTree = "<group>";
		};
		54B78A1E14E58FD4002FF1AC /* Order Tab */ = {
			isa = PBXGroup;
			children = (
				00DFF90814808988001A4641 /* OrdersViewController.h */,
				00DFF90914808988001A4641 /* OrdersViewController.m */,
				00DFF91D1480AB01001A4641 /* OrdersViewController.xib */,
			);
			name = "Order Tab";
			sourceTree = "<group>";
		};
		54B78A1F14E58FED002FF1AC /* Transection Tab */ = {
			isa = PBXGroup;
			children = (
				00DFF90B1480899D001A4641 /* TransactionsViewController.h */,
				00DFF90C1480899D001A4641 /* TransactionsViewController.m */,
				00DFF91F1480AB14001A4641 /* TransactionsViewController.xib */,
			);
			name = "Transection Tab";
			sourceTree = "<group>";
		};
		54B78A2014E5902A002FF1AC /* Login */ = {
			isa = PBXGroup;
			children = (
				00D3C41F147C28440067A768 /* LoginViewController.h */,
				00D3C420147C28440067A768 /* LoginViewController.m */,
				00D3C421147C28440067A768 /* LoginViewController.xib */,
				00D3C42D147D537B0067A768 /* OpenAccountViewController.h */,
				00D3C42E147D537B0067A768 /* OpenAccountViewController.m */,
				00D3C42F147D537B0067A768 /* OpenAccountViewController.xib */,
			);
			name = Login;
			sourceTree = "<group>";
		};
		54B78A7214EAB427002FF1AC /* Forms */ = {
			isa = PBXGroup;
			children = (
				54B78AEA14EC4652002FF1AC /* UserViewController.h */,
				54B78AEB14EC4654002FF1AC /* UserViewController.m */,
				54B78AEC14EC4655002FF1AC /* UserViewController.xib */,
				54B78A6814EAA14A002FF1AC /* TradeViewController.h */,
				54B78A6914EAA14E002FF1AC /* TradeViewController.m */,
				54B78A6A14EAA150002FF1AC /* TradeViewController.xib */,
				54B78A6D14EAA174002FF1AC /* TransferViewController.h */,
				54B78A6E14EAA177002FF1AC /* TransferViewController.m */,
				54B78A6F14EAA178002FF1AC /* TransferViewController.xib */,
				54B78A9914EB00A6002FF1AC /* FilterViewController.h */,
				54B78A9A14EB00A7002FF1AC /* FilterViewController.m */,
				54B78A9B14EB00A9002FF1AC /* FilterViewController.xib */,
			);
			name = Forms;
			sourceTree = "<group>";
		};
		AC26C81914DBF64700ABD693 /* Web Service Object */ = {
			isa = PBXGroup;
			children = (
				AC26C81A14DBF67400ABD693 /* AuthenticationChallengeHandler.h */,
				AC26C83E14DF9C2000ABD693 /* WebServiceObject.h */,
				AC26C83F14DF9C2000ABD693 /* WebServiceObject.m */,
				AC26C81B14DBF67400ABD693 /* AuthenticationChallengeHandler.m */,
				AC26C81C14DBF67400ABD693 /* ChallengeHandler.h */,
				AC26C81D14DBF67400ABD693 /* ChallengeHandler.m */,
				AC26C81E14DBF67400ABD693 /* ClientIdentityChallengeHandler.h */,
				AC26C81F14DBF67400ABD693 /* ClientIdentityChallengeHandler.m */,
				AC26C82014DBF67400ABD693 /* Credentials.h */,
				AC26C82114DBF67400ABD693 /* Credentials.m */,
				AC26C82414DBF67400ABD693 /* ServerTrustChallengeHandler.h */,
				AC26C82514DBF67400ABD693 /* ServerTrustChallengeHandler.m */,
			);
			name = "Web Service Object";
			sourceTree = "<group>";
		};
		AC26C84114DFA08000ABD693 /* BullsFirstWebServiceObject */ = {
			isa = PBXGroup;
			children = (
				AC26C84214DFA0B900ABD693 /* BullFirstWebServiceObject.h */,
				AC26C84314DFA0B900ABD693 /* BullFirstWebServiceObject.m */,
			);
			name = BullsFirstWebServiceObject;
			sourceTree = "<group>";
		};
		AC26C84514DFA0C100ABD693 /* base64 encoding */ = {
			isa = PBXGroup;
			children = (
				AC26C84614DFA10300ABD693 /* NSData+Base64.h */,
				AC26C84714DFA10300ABD693 /* NSData+Base64.m */,
			);
			name = "base64 encoding";
			sourceTree = "<group>";
		};
		AC66816D14ECD43B00BB02FF /* TextFieldValidator */ = {
			isa = PBXGroup;
			children = (
				AC66816E14ECD43C00BB02FF /* CMPopTipView */,
				AC66817114ECD43C00BB02FF /* DataValidator.h */,
				AC66817214ECD43C00BB02FF /* DataValidator.m */,
			);
			path = TextFieldValidator;
			sourceTree = "<group>";
		};
		AC66816E14ECD43C00BB02FF /* CMPopTipView */ = {
			isa = PBXGroup;
			children = (
				AC66816F14ECD43C00BB02FF /* CMPopTipView.h */,
				AC66817014ECD43C00BB02FF /* CMPopTipView.m */,
			);
			path = CMPopTipView;
			sourceTree = "<group>";
		};
		AC9B72D114DA7E3700B843AC /* BF-CorePlot Extensions */ = {
			isa = PBXGroup;
			children = (
				AC9F210D14E13AEE0024C3D3 /* _BFCPTXYTheme.h */,
				AC9F210E14E13AEE0024C3D3 /* _BFCPTXYTheme.m */,
				AC9F210F14E13AEE0024C3D3 /* BFCPTTheme.h */,
				AC9F211014E13AEE0024C3D3 /* BFCPTTheme.m */,
				AC9B72E314DAB01800B843AC /* BFPlainWhiteTheme.h */,
				AC9B72E414DAB01800B843AC /* BFPlainWhiteTheme.m */,
				ACDA1B2014E3A3F800B3673F /* BF-CorePlot-CocoaTouch.h */,
			);
			name = "BF-CorePlot Extensions";
			path = ..;
			sourceTree = "<group>";
		};
/* End PBXGroup section */

/* Begin PBXNativeTarget section */
		00D3C403147C27120067A768 /* Bullsfirst */ = {
			isa = PBXNativeTarget;
			buildConfigurationList = 00D3C41C147C27120067A768 /* Build configuration list for PBXNativeTarget "Bullsfirst" */;
			buildPhases = (
				00D3C400147C27120067A768 /* Sources */,
				00D3C401147C27120067A768 /* Frameworks */,
				00D3C402147C27120067A768 /* Resources */,
			);
			buildRules = (
			);
			dependencies = (
				1011437B14CF762A006E5909 /* PBXTargetDependency */,
			);
			name = Bullsfirst;
			productName = Bullsfirst;
			productReference = 00D3C404147C27120067A768 /* Bullsfirst.app */;
			productType = "com.apple.product-type.application";
		};
/* End PBXNativeTarget section */

/* Begin PBXProject section */
		00D3C3FB147C27120067A768 /* Project object */ = {
			isa = PBXProject;
			attributes = {
				LastUpgradeCheck = 0420;
			};
			buildConfigurationList = 00D3C3FE147C27120067A768 /* Build configuration list for PBXProject "Bullsfirst" */;
			compatibilityVersion = "Xcode 3.2";
			developmentRegion = English;
			hasScannedForEncodings = 0;
			knownRegions = (
				en,
			);
			mainGroup = 00D3C3F9147C27120067A768;
			productRefGroup = 00D3C405147C27120067A768 /* Products */;
			projectDirPath = "";
			projectReferences = (
				{
					ProductGroup = 1011436F14CF749C006E5909 /* Products */;
					ProjectRef = 1011436E14CF749C006E5909 /* CorePlot-CocoaTouch.xcodeproj */;
				},
			);
			projectRoot = "";
			targets = (
				00D3C403147C27120067A768 /* Bullsfirst */,
			);
		};
/* End PBXProject section */

/* Begin PBXReferenceProxy section */
		1011437814CF749D006E5909 /* libCorePlot-CocoaTouch.a */ = {
			isa = PBXReferenceProxy;
			fileType = archive.ar;
			path = "libCorePlot-CocoaTouch.a";
			remoteRef = 1011437714CF749D006E5909 /* PBXContainerItemProxy */;
			sourceTree = BUILT_PRODUCTS_DIR;
		};
/* End PBXReferenceProxy section */

/* Begin PBXResourcesBuildPhase section */
		00D3C402147C27120067A768 /* Resources */ = {
			isa = PBXResourcesBuildPhase;
			buildActionMask = 2147483647;
			files = (
				00D3C413147C27120067A768 /* InfoPlist.strings in Resources */,
				00D3C423147C28440067A768 /* LoginViewController.xib in Resources */,
				00D3C428147C31E80067A768 /* img_bg_login.png in Resources */,
				00D3C431147D537B0067A768 /* OpenAccountViewController.xib in Resources */,
				00DFF91A1480AAC6001A4641 /* AccountsViewController.xib in Resources */,
				00DFF91C1480AAF0001A4641 /* PositionsViewController.xib in Resources */,
				00DFF91E1480AB01001A4641 /* OrdersViewController.xib in Resources */,
				00DFF9201480AB14001A4641 /* TransactionsViewController.xib in Resources */,
				00DFF9251480AD91001A4641 /* BFToolbar.xib in Resources */,
				00DFF93C1483DE23001A4641 /* btn_openanaccount.png in Resources */,
				00DFF93E1483ED7F001A4641 /* btn_openaccount.png in Resources */,
				00DFF9401483EE5A001A4641 /* btn_cancel500.png in Resources */,
				00DFF9421483EFD1001A4641 /* img_bg_yellow.png in Resources */,
				004F06CD148D421F003F35D3 /* AddAccountViewController.xib in Resources */,
				AC9B72D014DA755200B843AC /* EditAccountNameViewController.xib in Resources */,
				95C6A84D14DBB769004F023A /* bullsfirst-logo-transparent.png in Resources */,
				95C6A84E14DBB769004F023A /* login-button-clicked.png in Resources */,
				95C6A84F14DBB769004F023A /* login-button.png in Resources */,
				95C6A85314DBB769004F023A /* open-account-button-clicked.png in Resources */,
				95C6A85414DBB769004F023A /* open-account-button.png in Resources */,
				95C6A85D14DBED54004F023A /* RootViewController.xib in Resources */,
				95C6A85F14DFE869004F023A /* app-icon-72x72.png in Resources */,
				9575360C14E41FDA002A3E52 /* login-screen-form-fields.png in Resources */,
				95BA216F14E506B000F813E2 /* login-screen-background-landscape.png in Resources */,
				95BA217014E506B100F813E2 /* login-screen-background-portrait.png in Resources */,
				545C5E7C14E574D5003560C8 /* Default-Portrait~ipad.png in Resources */,
				545C5E7E14E574FF003560C8 /* Default-Landscape~ipad.png in Resources */,
				54B78A4014E5C91F002FF1AC /* PositionTableViewCell.xib in Resources */,
				54B78A6314E98956002FF1AC /* PositionLandscapeTableViewCell.xib in Resources */,
				54B78A6C14EAA155002FF1AC /* TradeViewController.xib in Resources */,
				54B78A7114EAA17A002FF1AC /* TransferViewController.xib in Resources */,
				54B78A9D14EB00AB002FF1AC /* FilterViewController.xib in Resources */,
				9586FA7314EB684300A0B28C /* AccountLandscapeTableViewCell.xib in Resources */,
				9586FA7414EB684300A0B28C /* AccountTableViewCell.xib in Resources */,
				9586FA9214EB6A2900A0B28C /* AccountsToPosition_RowArrow.png in Resources */,
				9586FA9314EB6A2900A0B28C /* AddAccountButton_PushDownState.png in Resources */,
				9586FA9414EB6A2900A0B28C /* AddAccountButton.png in Resources */,
				9586FA9514EB6A2900A0B28C /* BackButton_PushDownState.png in Resources */,
				9586FA9614EB6A2900A0B28C /* BackButton.png in Resources */,
				9586FA9714EB6A2900A0B28C /* bullsfirst-HeaderBarLogo.png in Resources */,
				9586FA9814EB6A2900A0B28C /* EditButton-PushDown.png in Resources */,
				9586FA9914EB6A2900A0B28C /* EditButton.png in Resources */,
				9586FA9A14EB6A2900A0B28C /* FiltersClosed_PushDownState.png in Resources */,
				9586FA9B14EB6A2900A0B28C /* FiltersClosed.png in Resources */,
				9586FA9C14EB6A2900A0B28C /* FiltersOpen_PushDownState.png in Resources */,
				9586FA9D14EB6A2900A0B28C /* FiltersOpen.png in Resources */,
				9586FA9E14EB6A2900A0B28C /* HeaderBar_BackgroundGradient.jpg in Resources */,
				9586FA9F14EB6A2900A0B28C /* RefreshButton_PushDownState.png in Resources */,
				9586FAA014EB6A2900A0B28C /* RefreshButton.png in Resources */,
				9586FAA114EB6A2900A0B28C /* SettingsButton_PushDownState.png in Resources */,
				9586FAA214EB6A2900A0B28C /* SettingsButton.png in Resources */,
				9586FAA314EB6A2900A0B28C /* SwitchAccountsButton_PushDownState.png in Resources */,
				9586FAA414EB6A2900A0B28C /* SwitchAccountsButton.png in Resources */,
				9586FAA514EB6A2900A0B28C /* TabBar_Accounts.png in Resources */,
				9586FAA614EB6A2900A0B28C /* TabBar_Gradient.jpg in Resources */,
				9586FAA714EB6A2900A0B28C /* TabBar_Orders.png in Resources */,
				9586FAA814EB6A2900A0B28C /* TabBar_Positions.png in Resources */,
				9586FAA914EB6A2900A0B28C /* TabBar_Transactions.png in Resources */,
				9586FAAA14EB6A2900A0B28C /* TitleBar_BackgroundGradient.jpg in Resources */,
				9586FAAB14EB6A2900A0B28C /* TradeButton_PushDownState.png in Resources */,
				9586FAAC14EB6A2900A0B28C /* TradeButton.png in Resources */,
				9586FAAD14EB6A2900A0B28C /* TransferButton_PushDownState.png in Resources */,
				9586FAAE14EB6A2900A0B28C /* TransferButton.png in Resources */,
				54B78AEE14EC4656002FF1AC /* UserViewController.xib in Resources */,
			);
			runOnlyForDeploymentPostprocessing = 0;
		};
/* End PBXResourcesBuildPhase section */

/* Begin PBXSourcesBuildPhase section */
		00D3C400147C27120067A768 /* Sources */ = {
			isa = PBXSourcesBuildPhase;
			buildActionMask = 2147483647;
			files = (
				00D3C415147C27120067A768 /* main.m in Sources */,
				00D3C419147C27120067A768 /* AppDelegate.m in Sources */,
				00D3C422147C28440067A768 /* LoginViewController.m in Sources */,
				00D3C430147D537B0067A768 /* OpenAccountViewController.m in Sources */,
				00DFF9041480893E001A4641 /* AccountsViewController.m in Sources */,
				00DFF90714808975001A4641 /* PositionsViewController.m in Sources */,
				00DFF90A14808989001A4641 /* OrdersViewController.m in Sources */,
				00DFF90D1480899D001A4641 /* TransactionsViewController.m in Sources */,
				00DFF9231480AD68001A4641 /* BFToolbar.m in Sources */,
				00DFF95F14841319001A4641 /* BFMoney.m in Sources */,
				00DFF96214841782001A4641 /* BFPosition.m in Sources */,
				00DFF96614841B00001A4641 /* BFBrokerageAccount.m in Sources */,
				00DFF96D14855012001A4641 /* BFBrokerageAccountStore.m in Sources */,
				00D5191E14891DBA0049F43E /* PieChartMVAccountsViewController.m in Sources */,
				00D51922148951370049F43E /* PieChartMVPositionViewController.m in Sources */,
				009C1A3C148D3FF500259534 /* AddAccountViewController.m in Sources */,
				AC9B72CF14DA755200B843AC /* EditAccountNameViewController.m in Sources */,
				AC9B72E514DAB01800B843AC /* BFPlainWhiteTheme.m in Sources */,
				95C6A85C14DBED54004F023A /* RootViewController.m in Sources */,
				AC26C82814DBF67400ABD693 /* AuthenticationChallengeHandler.m in Sources */,
				AC26C82914DBF67400ABD693 /* ChallengeHandler.m in Sources */,
				AC26C82A14DBF67400ABD693 /* ClientIdentityChallengeHandler.m in Sources */,
				AC26C82B14DBF67400ABD693 /* Credentials.m in Sources */,
				AC26C82D14DBF67400ABD693 /* ServerTrustChallengeHandler.m in Sources */,
				AC26C84014DF9C2000ABD693 /* WebServiceObject.m in Sources */,
				AC26C84414DFA0B900ABD693 /* BullFirstWebServiceObject.m in Sources */,
				AC26C84814DFA10300ABD693 /* NSData+Base64.m in Sources */,
				AC9F211114E13AEE0024C3D3 /* _BFCPTXYTheme.m in Sources */,
				AC9F211214E13AEE0024C3D3 /* BFCPTTheme.m in Sources */,
				545C5E7614E55DA6003560C8 /* BFUser.m in Sources */,
				54B78A5E14E976DC002FF1AC /* tradePositionBTN.m in Sources */,
				54B78A6114E9785F002FF1AC /* expandPositionBTN.m in Sources */,
				54B78A6B14EAA155002FF1AC /* TradeViewController.m in Sources */,
				54B78A7014EAA17A002FF1AC /* TransferViewController.m in Sources */,
				54B78A9C14EB00AB002FF1AC /* FilterViewController.m in Sources */,
				9586FAB114EB804600A0B28C /* editAccountNameBTN.m in Sources */,
				9586FAB414EB8F8500A0B28C /* showPositionsBTN.m in Sources */,
				54B78AED14EC4656002FF1AC /* UserViewController.m in Sources */,
				AC66817314ECD43C00BB02FF /* CMPopTipView.m in Sources */,
				AC66817414ECD43C00BB02FF /* DataValidator.m in Sources */,
			);
			runOnlyForDeploymentPostprocessing = 0;
		};
/* End PBXSourcesBuildPhase section */

/* Begin PBXTargetDependency section */
		1011437B14CF762A006E5909 /* PBXTargetDependency */ = {
			isa = PBXTargetDependency;
			name = "CorePlot-CocoaTouch";
			targetProxy = 1011437A14CF762A006E5909 /* PBXContainerItemProxy */;
		};
/* End PBXTargetDependency section */

/* Begin PBXVariantGroup section */
		00D3C411147C27120067A768 /* InfoPlist.strings */ = {
			isa = PBXVariantGroup;
			children = (
				00D3C412147C27120067A768 /* en */,
			);
			name = InfoPlist.strings;
			sourceTree = "<group>";
		};
/* End PBXVariantGroup section */

/* Begin XCBuildConfiguration section */
		00D3C41A147C27120067A768 /* Debug */ = {
			isa = XCBuildConfiguration;
			buildSettings = {
				ALWAYS_SEARCH_USER_PATHS = NO;
				ARCHS = "$(ARCHS_STANDARD_32_BIT)";
				CLANG_ENABLE_OBJC_ARC = YES;
				"CODE_SIGN_IDENTITY[sdk=iphoneos*]" = "iPhone Developer";
				COPY_PHASE_STRIP = NO;
				GCC_C_LANGUAGE_STANDARD = gnu99;
				GCC_DYNAMIC_NO_PIC = NO;
				GCC_OPTIMIZATION_LEVEL = 0;
				GCC_PREPROCESSOR_DEFINITIONS = (
					"DEBUG=1",
					"$(inherited)",
				);
				GCC_SYMBOLS_PRIVATE_EXTERN = NO;
				GCC_VERSION = com.apple.compilers.llvm.clang.1_0;
				GCC_WARN_ABOUT_MISSING_PROTOTYPES = YES;
				GCC_WARN_ABOUT_RETURN_TYPE = YES;
				GCC_WARN_UNUSED_VARIABLE = YES;
				IPHONEOS_DEPLOYMENT_TARGET = 5.0;
				SDKROOT = iphoneos;
				TARGETED_DEVICE_FAMILY = 2;
			};
			name = Debug;
		};
		00D3C41B147C27120067A768 /* Release */ = {
			isa = XCBuildConfiguration;
			buildSettings = {
				ALWAYS_SEARCH_USER_PATHS = NO;
				ARCHS = "$(ARCHS_STANDARD_32_BIT)";
				CLANG_ENABLE_OBJC_ARC = YES;
				"CODE_SIGN_IDENTITY[sdk=iphoneos*]" = "iPhone Developer";
				COPY_PHASE_STRIP = YES;
				GCC_C_LANGUAGE_STANDARD = gnu99;
				GCC_VERSION = com.apple.compilers.llvm.clang.1_0;
				GCC_WARN_ABOUT_MISSING_PROTOTYPES = YES;
				GCC_WARN_ABOUT_RETURN_TYPE = YES;
				GCC_WARN_UNUSED_VARIABLE = YES;
				IPHONEOS_DEPLOYMENT_TARGET = 5.0;
				OTHER_CFLAGS = "-DNS_BLOCK_ASSERTIONS=1";
				SDKROOT = iphoneos;
				TARGETED_DEVICE_FAMILY = 2;
				VALIDATE_PRODUCT = YES;
			};
			name = Release;
		};
		00D3C41D147C27120067A768 /* Debug */ = {
			isa = XCBuildConfiguration;
			buildSettings = {
				GCC_PRECOMPILE_PREFIX_HEADER = YES;
				GCC_PREFIX_HEADER = "Bullsfirst/Bullsfirst-Prefix.pch";
				HEADER_SEARCH_PATHS = "../core-plot/framework/**";
				INFOPLIST_FILE = "Bullsfirst/Bullsfirst-Info.plist";
				IPHONEOS_DEPLOYMENT_TARGET = 5.0;
				OTHER_LDFLAGS = "-ObjC";
				PRODUCT_NAME = "$(TARGET_NAME)";
				WRAPPER_EXTENSION = app;
			};
			name = Debug;
		};
		00D3C41E147C27120067A768 /* Release */ = {
			isa = XCBuildConfiguration;
			buildSettings = {
				GCC_PRECOMPILE_PREFIX_HEADER = YES;
				GCC_PREFIX_HEADER = "Bullsfirst/Bullsfirst-Prefix.pch";
				HEADER_SEARCH_PATHS = "../core-plot/framework/**";
				INFOPLIST_FILE = "Bullsfirst/Bullsfirst-Info.plist";
				IPHONEOS_DEPLOYMENT_TARGET = 5.0;
				OTHER_LDFLAGS = "-ObjC";
				PRODUCT_NAME = "$(TARGET_NAME)";
				WRAPPER_EXTENSION = app;
			};
			name = Release;
		};
/* End XCBuildConfiguration section */

/* Begin XCConfigurationList section */
		00D3C3FE147C27120067A768 /* Build configuration list for PBXProject "Bullsfirst" */ = {
			isa = XCConfigurationList;
			buildConfigurations = (
				00D3C41A147C27120067A768 /* Debug */,
				00D3C41B147C27120067A768 /* Release */,
			);
			defaultConfigurationIsVisible = 0;
			defaultConfigurationName = Release;
		};
		00D3C41C147C27120067A768 /* Build configuration list for PBXNativeTarget "Bullsfirst" */ = {
			isa = XCConfigurationList;
			buildConfigurations = (
				00D3C41D147C27120067A768 /* Debug */,
				00D3C41E147C27120067A768 /* Release */,
			);
			defaultConfigurationIsVisible = 0;
			defaultConfigurationName = Release;
		};
/* End XCConfigurationList section */
	};
	rootObject = 00D3C3FB147C27120067A768 /* Project object */;
}
